# THIS IS AN AUTOGENERATED FILE. DO NOT EDIT THIS FILE DIRECTLY.
# yarn lockfile v1


"@babel/code-frame@^7.0.0":
  version "7.14.5"
  dependencies:
    "@babel/highlight" "^7.14.5"

"@babel/helper-validator-identifier@^7.14.5":
  version "7.14.5"

"@babel/highlight@^7.14.5":
  version "7.14.5"
  dependencies:
    "@babel/helper-validator-identifier" "^7.14.5"
    chalk "^2.0.0"
    js-tokens "^4.0.0"

"@esbuild/darwin-arm64@0.28.1":
  version "0.28.1"

"@eslint-community/eslint-utils@^4.1.2", "@eslint-community/eslint-utils@^4.5.0", "@eslint-community/eslint-utils@^4.8.0", "@eslint-community/eslint-utils@^4.9.1":
  version "4.9.1"
  dependencies:
    eslint-visitor-keys "^3.4.3"

"@eslint-community/regexpp@^4.11.0", "@eslint-community/regexpp@^4.12.1", "@eslint-community/regexpp@^4.12.2":
  version "4.12.2"

"@eslint/config-array@^0.21.2":
  version "0.21.2"
  dependencies:
    "@eslint/object-schema" "^2.1.7"
    debug "^4.3.1"
    minimatch "^3.1.5"

"@eslint/config-helpers@^0.4.2":
  version "0.4.2"
  dependencies:
    "@eslint/core" "^0.17.0"

"@eslint/core@^0.17.0":
  version "0.17.0"
  dependencies:
    "@types/json-schema" "^7.0.15"

"@eslint/eslintrc@^3.3.5":
  version "3.3.5"
  dependencies:
    ajv "^6.14.0"
    debug "^4.3.2"
    espree "^10.0.1"
    globals "^14.0.0"
    ignore "^5.2.0"
    import-fresh "^3.2.1"
    js-yaml "^4.1.1"
    minimatch "^3.1.5"
    strip-json-comments "^3.1.1"

"@eslint/js@^9.37.0", "@eslint/js@9.39.4":
  version "9.39.4"

"@eslint/object-schema@^2.1.7":
  version "2.1.7"

"@eslint/plugin-kit@^0.4.1":
  version "0.4.1"
  dependencies:
    "@eslint/core" "^0.17.0"
    levn "^0.4.1"

"@humanfs/core@^0.19.2":
  version "0.19.2"
  dependencies:
    "@humanfs/types" "^0.15.0"

"@humanfs/node@^0.16.6":
  version "0.16.8"
  dependencies:
    "@humanfs/core" "^0.19.2"
    "@humanfs/types" "^0.15.0"
    "@humanwhocodes/retry" "^0.4.0"

"@humanfs/types@^0.15.0":
  version "0.15.0"

"@humanwhocodes/module-importer@^1.0.1":
  version "1.0.1"

"@humanwhocodes/retry@^0.4.0", "@humanwhocodes/retry@^0.4.2":
  version "0.4.3"

"@oxc-project/types@=0.139.0":
  version "0.139.0"
  resolved "https://registry.npmjs.org/@oxc-project/types/-/types-0.139.0.tgz"
  integrity sha512-r9gHphtCs+1M7J0pw6Sn/hh/Wpa/iQrOOkrNAlVLF/gHq+/CJmHIWKKUUhdWjcD6CIa8idarspCsASiXCXvFUw==

"@pkgr/core@^0.3.6":
  version "0.3.6"

"@primmel/primmel@file:/Users/mulgogi/src/primmel/primmel-ts/packages/primmel":
  version "1.2.1"
  resolved "file:packages/primmel"

"@rolldown/binding-darwin-arm64@1.1.5":
  version "1.1.5"
  resolved "https://registry.npmjs.org/@rolldown/binding-darwin-arm64/-/binding-darwin-arm64-1.1.5.tgz"
  integrity sha512-51Bnx9pNiMRKSUNtBfySkNJ9vMU9Hh3I1ozDd6gyPPYzaXCfnptUcEZxXGYFn+ul2dtcMUiqGR1Yai2K10uoTw==

"@rolldown/pluginutils@^1.0.0":
  version "1.0.1"
  resolved "https://registry.npmjs.org/@rolldown/pluginutils/-/pluginutils-1.0.1.tgz"
  integrity sha512-2j9bGt5Jh8hj+vPtgzPtl72j0yRxHAyumoo6TNfAjsLB04UtpSvPbPcDcBMxz7n+9CYB0c1GxQFxYRg2jimqGw==

"@types/estree@^1.0.6":
  version "1.0.9"

"@types/json-schema@^7.0.15":
  version "7.0.15"

"@types/minimist@^1.2.0":
  version "1.2.2"

"@types/node@^20", "@types/node@^20.19.0 || >=22.12.0":
  version "20.19.43"
  dependencies:
    undici-types "~6.21.0"

"@types/normalize-package-data@^2.4.0":
  version "2.4.1"

"@typescript-eslint/eslint-plugin@^8.46.1", "@typescript-eslint/eslint-plugin@8.62.1":
  version "8.62.1"
  dependencies:
    "@eslint-community/regexpp" "^4.12.2"
    "@typescript-eslint/scope-manager" "8.62.1"
    "@typescript-eslint/type-utils" "8.62.1"
    "@typescript-eslint/utils" "8.62.1"
    "@typescript-eslint/visitor-keys" "8.62.1"
    ignore "^7.0.5"
    natural-compare "^1.4.0"
    ts-api-utils "^2.5.0"

"@typescript-eslint/parser@^8.46.1", "@typescript-eslint/parser@^8.62.1", "@typescript-eslint/parser@8.62.1":
  version "8.62.1"
  dependencies:
    "@typescript-eslint/scope-manager" "8.62.1"
    "@typescript-eslint/types" "8.62.1"
    "@typescript-eslint/typescript-estree" "8.62.1"
    "@typescript-eslint/visitor-keys" "8.62.1"
    debug "^4.4.3"

"@typescript-eslint/project-service@8.62.1":
  version "8.62.1"
  dependencies:
    "@typescript-eslint/tsconfig-utils" "^8.62.1"
    "@typescript-eslint/types" "^8.62.1"
    debug "^4.4.3"

"@typescript-eslint/scope-manager@8.62.1":
  version "8.62.1"
  dependencies:
    "@typescript-eslint/types" "8.62.1"
    "@typescript-eslint/visitor-keys" "8.62.1"

"@typescript-eslint/tsconfig-utils@^8.62.1", "@typescript-eslint/tsconfig-utils@8.62.1":
  version "8.62.1"

"@typescript-eslint/type-utils@8.62.1":
  version "8.62.1"
  dependencies:
    "@typescript-eslint/types" "8.62.1"
    "@typescript-eslint/typescript-estree" "8.62.1"
    "@typescript-eslint/utils" "8.62.1"
    debug "^4.4.3"
    ts-api-utils "^2.5.0"

"@typescript-eslint/types@^8.62.1", "@typescript-eslint/types@8.62.1":
  version "8.62.1"

"@typescript-eslint/typescript-estree@8.62.1":
  version "8.62.1"
  dependencies:
    "@typescript-eslint/project-service" "8.62.1"
    "@typescript-eslint/tsconfig-utils" "8.62.1"
    "@typescript-eslint/types" "8.62.1"
    "@typescript-eslint/visitor-keys" "8.62.1"
    debug "^4.4.3"
    minimatch "^10.2.2"
    semver "^7.7.3"
    tinyglobby "^0.2.15"
    ts-api-utils "^2.5.0"

"@typescript-eslint/utils@8.62.1":
  version "8.62.1"
  dependencies:
    "@eslint-community/eslint-utils" "^4.9.1"
    "@typescript-eslint/scope-manager" "8.62.1"
    "@typescript-eslint/types" "8.62.1"
    "@typescript-eslint/typescript-estree" "8.62.1"

"@typescript-eslint/visitor-keys@8.62.1":
  version "8.62.1"
  dependencies:
    "@typescript-eslint/types" "8.62.1"
    eslint-visitor-keys "^5.0.0"

acorn-jsx@^5.3.2:
  version "5.3.2"

"acorn@^6.0.0 || ^7.0.0 || ^8.0.0", acorn@^8.15.0:
  version "8.17.0"

ajv@^6.14.0:
  version "6.15.0"
  dependencies:
    fast-deep-equal "^3.1.1"
    fast-json-stable-stringify "^2.0.0"
    json-schema-traverse "^0.4.1"
    uri-js "^4.2.2"

ansi-escapes@^4.2.1:
  version "4.3.2"
  dependencies:
    type-fest "^0.21.3"

ansi-regex@^5.0.0:
  version "5.0.1"

ansi-styles@^3.2.1:
  version "3.2.1"
  dependencies:
    color-convert "^1.9.0"

ansi-styles@^4.1.0:
  version "4.3.0"
  dependencies:
    color-convert "^2.0.1"

argparse@^2.0.1:
  version "2.0.1"

arrify@^1.0.1:
  version "1.0.1"

balanced-match@^1.0.0:
  version "1.0.2"

balanced-match@^4.0.2:
  version "4.0.4"
  resolved "https://registry.npmjs.org/balanced-match/-/balanced-match-4.0.4.tgz"
  integrity sha512-BLrgEcRTwX2o6gGxGOCNyMvGSp35YofuYzw9h1IMTRmKqttAZZVU67bdb9Pr2vUHA8+j3i2tJfjO6C6+4myGTA==

brace-expansion@^1.1.7:
  version "1.1.15"
  dependencies:
    balanced-match "^1.0.0"
    concat-map "0.0.1"

brace-expansion@^5.0.5:
  version "5.0.7"
  resolved "https://registry.npmjs.org/brace-expansion/-/brace-expansion-5.0.7.tgz"
  integrity sha512-7oFy703dxfY3/NLxC1fh2SUCQ0H9rmAY+5EpDVfXjUTTs+HEwR2nYaqLv+GWcTsumwxPfiz6CzCNkwXwBUwqCA==
  dependencies:
    balanced-match "^4.0.2"

callsites@^3.0.0:
  version "3.1.0"

camelcase-keys@^6.2.2:
  version "6.2.2"
  dependencies:
    camelcase "^5.3.1"
    map-obj "^4.0.0"
    quick-lru "^4.0.1"

camelcase@^5.3.1:
  version "5.3.1"

chalk@^2.0.0:
  version "2.4.2"
  dependencies:
    ansi-styles "^3.2.1"
    escape-string-regexp "^1.0.5"
    supports-color "^5.3.0"

chalk@^4.0.0, chalk@^4.1.0:
  version "4.1.1"
  dependencies:
    ansi-styles "^4.1.0"
    supports-color "^7.1.0"

chalk@^4.1.2:
  version "4.1.2"
  dependencies:
    ansi-styles "^4.1.0"
    supports-color "^7.1.0"

chardet@^0.7.0:
  version "0.7.0"

cli-cursor@^3.1.0:
  version "3.1.0"
  dependencies:
    restore-cursor "^3.1.0"

cli-width@^3.0.0:
  version "3.0.0"

color-convert@^1.9.0:
  version "1.9.3"
  dependencies:
    color-name "1.1.3"

color-convert@^2.0.1:
  version "2.0.1"
  dependencies:
    color-name "~1.1.4"

color-name@~1.1.4:
  version "1.1.4"

color-name@1.1.3:
  version "1.1.3"

concat-map@0.0.1:
  version "0.0.1"

cross-spawn@^7.0.3, cross-spawn@^7.0.6:
  version "7.0.6"
  dependencies:
    path-key "^3.1.0"
    shebang-command "^2.0.0"
    which "^2.0.1"

debug@^4.3.1:
  version "4.3.2"
  dependencies:
    ms "2.1.2"

debug@^4.3.2, debug@^4.4.3:
  version "4.4.3"
  dependencies:
    ms "^2.1.3"

decamelize-keys@^1.1.0:
  version "1.1.0"
  dependencies:
    decamelize "^1.1.0"
    map-obj "^1.0.0"

decamelize@^1.1.0, decamelize@^1.2.0:
  version "1.2.0"

deep-is@^0.1.3:
  version "0.1.3"

detect-libc@^2.0.3:
  version "2.1.2"
  resolved "https://registry.npmjs.org/detect-libc/-/detect-libc-2.1.2.tgz"
  integrity sha512-Btj2BOOO83o3WyH59e8MgXsxEQVcarkUOpEYrubB0urwnN10yQ364rsiByU11nZlqWYZm05i/of7io4mzihBtQ==

emoji-regex@^8.0.0:
  version "8.0.0"

enhanced-resolve@^5.17.1:
  version "5.24.1"
  dependencies:
    graceful-fs "^4.2.4"
    tapable "^2.3.3"

error-ex@^1.3.1:
  version "1.3.2"
  dependencies:
    is-arrayish "^0.2.1"

"esbuild@^0.27.0 || ^0.28.0", esbuild@~0.28.0:
  version "0.28.1"
  optionalDependencies:
    "@esbuild/aix-ppc64" "0.28.1"
    "@esbuild/android-arm" "0.28.1"
    "@esbuild/android-arm64" "0.28.1"
    "@esbuild/android-x64" "0.28.1"
    "@esbuild/darwin-arm64" "0.28.1"
    "@esbuild/darwin-x64" "0.28.1"
    "@esbuild/freebsd-arm64" "0.28.1"
    "@esbuild/freebsd-x64" "0.28.1"
    "@esbuild/linux-arm" "0.28.1"
    "@esbuild/linux-arm64" "0.28.1"
    "@esbuild/linux-ia32" "0.28.1"
    "@esbuild/linux-loong64" "0.28.1"
    "@esbuild/linux-mips64el" "0.28.1"
    "@esbuild/linux-ppc64" "0.28.1"
    "@esbuild/linux-riscv64" "0.28.1"
    "@esbuild/linux-s390x" "0.28.1"
    "@esbuild/linux-x64" "0.28.1"
    "@esbuild/netbsd-arm64" "0.28.1"
    "@esbuild/netbsd-x64" "0.28.1"
    "@esbuild/openbsd-arm64" "0.28.1"
    "@esbuild/openbsd-x64" "0.28.1"
    "@esbuild/openharmony-arm64" "0.28.1"
    "@esbuild/sunos-x64" "0.28.1"
    "@esbuild/win32-arm64" "0.28.1"
    "@esbuild/win32-ia32" "0.28.1"
    "@esbuild/win32-x64" "0.28.1"

escape-string-regexp@^1.0.5:
  version "1.0.5"

escape-string-regexp@^4.0.0:
  version "4.0.0"

eslint-compat-utils@^0.5.1:
  version "0.5.1"
  dependencies:
    semver "^7.5.4"

eslint-config-prettier@^10.1.8, "eslint-config-prettier@>= 7.0.0 <10.0.0 || >=10.1.0":
  version "10.1.8"

eslint-plugin-es-x@^7.8.0:
  version "7.8.0"
  dependencies:
    "@eslint-community/eslint-utils" "^4.1.2"
    "@eslint-community/regexpp" "^4.11.0"
    eslint-compat-utils "^0.5.1"

eslint-plugin-n@^17.23.1:
  version "17.24.0"
  dependencies:
    "@eslint-community/eslint-utils" "^4.5.0"
    enhanced-resolve "^5.17.1"
    eslint-plugin-es-x "^7.8.0"
    get-tsconfig "^4.8.1"
    globals "^15.11.0"
    globrex "^0.1.2"
    ignore "^5.3.2"
    semver "^7.6.3"
    ts-declaration-location "^1.0.6"

eslint-plugin-prettier@^5.5.4:
  version "5.5.6"
  dependencies:
    prettier-linter-helpers "^1.0.1"
    synckit "^0.11.13"

eslint-scope@^8.4.0:
  version "8.4.0"
  dependencies:
    esrecurse "^4.3.0"
    estraverse "^5.2.0"

eslint-visitor-keys@^3.4.3:
  version "3.4.3"

eslint-visitor-keys@^4.2.1:
  version "4.2.1"

eslint-visitor-keys@^5.0.0:
  version "5.0.1"

"eslint@^6.0.0 || ^7.0.0 || >=8.0.0", "eslint@^8.57.0 || ^9.0.0 || ^10.0.0", eslint@^9, eslint@^9.37.0, eslint@>=6.0.0, eslint@>=7.0.0, eslint@>=8, eslint@>=8.0.0, eslint@>=8.23.0:
  version "9.39.4"
  dependencies:
    "@eslint-community/eslint-utils" "^4.8.0"
    "@eslint-community/regexpp" "^4.12.1"
    "@eslint/config-array" "^0.21.2"
    "@eslint/config-helpers" "^0.4.2"
    "@eslint/core" "^0.17.0"
    "@eslint/eslintrc" "^3.3.5"
    "@eslint/js" "9.39.4"
    "@eslint/plugin-kit" "^0.4.1"
    "@humanfs/node" "^0.16.6"
    "@humanwhocodes/module-importer" "^1.0.1"
    "@humanwhocodes/retry" "^0.4.2"
    "@types/estree" "^1.0.6"
    ajv "^6.14.0"
    chalk "^4.0.0"
    cross-spawn "^7.0.6"
    debug "^4.3.2"
    escape-string-regexp "^4.0.0"
    eslint-scope "^8.4.0"
    eslint-visitor-keys "^4.2.1"
    espree "^10.4.0"
    esquery "^1.5.0"
    esutils "^2.0.2"
    fast-deep-equal "^3.1.3"
    file-entry-cache "^8.0.0"
    find-up "^5.0.0"
    glob-parent "^6.0.2"
    ignore "^5.2.0"
    imurmurhash "^0.1.4"
    is-glob "^4.0.0"
    json-stable-stringify-without-jsonify "^1.0.1"
    lodash.merge "^4.6.2"
    minimatch "^3.1.5"
    natural-compare "^1.4.0"
    optionator "^0.9.3"

espree@^10.0.1, espree@^10.4.0:
  version "10.4.0"
  dependencies:
    acorn "^8.15.0"
    acorn-jsx "^5.3.2"
    eslint-visitor-keys "^4.2.1"

esquery@^1.5.0:
  version "1.7.0"
  dependencies:
    estraverse "^5.1.0"

esrecurse@^4.3.0:
  version "4.3.0"
  dependencies:
    estraverse "^5.2.0"

estraverse@^5.1.0, estraverse@^5.2.0:
  version "5.2.0"

esutils@^2.0.2:
  version "2.0.3"

execa@^5.0.0:
  version "5.1.1"
  dependencies:
    cross-spawn "^7.0.3"
    get-stream "^6.0.0"
    human-signals "^2.1.0"
    is-stream "^2.0.0"
    merge-stream "^2.0.0"
    npm-run-path "^4.0.1"
    onetime "^5.1.2"
    signal-exit "^3.0.3"
    strip-final-newline "^2.0.0"

external-editor@^3.0.3:
  version "3.1.0"
  dependencies:
    chardet "^0.7.0"
    iconv-lite "^0.4.24"
    tmp "^0.0.33"

fast-deep-equal@^3.1.1, fast-deep-equal@^3.1.3:
  version "3.1.3"

fast-diff@^1.1.2:
  version "1.2.0"

fast-json-stable-stringify@^2.0.0:
  version "2.1.0"

fast-levenshtein@^2.0.6:
  version "2.0.6"

fdir@^6.5.0:
  version "6.5.0"

figures@^3.0.0:
  version "3.2.0"
  dependencies:
    escape-string-regexp "^1.0.5"

file-entry-cache@^8.0.0:
  version "8.0.0"
  dependencies:
    flat-cache "^4.0.0"

find-up@^4.1.0:
  version "4.1.0"
  dependencies:
    locate-path "^5.0.0"
    path-exists "^4.0.0"

find-up@^5.0.0:
  version "5.0.0"
  dependencies:
    locate-path "^6.0.0"
    path-exists "^4.0.0"

flat-cache@^4.0.0:
  version "4.0.1"
  dependencies:
    flatted "^3.2.9"
    keyv "^4.5.4"

flatted@^3.2.9:
  version "3.4.2"

fsevents@~2.3.3:
  version "2.3.3"

function-bind@^1.1.1:
  version "1.1.1"

get-stream@^6.0.0:
  version "6.0.1"

get-tsconfig@^4.8.1:
  version "4.14.0"
  dependencies:
    resolve-pkg-maps "^1.0.0"

glob-parent@^6.0.2:
  version "6.0.2"
  dependencies:
    is-glob "^4.0.3"

globals@^14.0.0:
  version "14.0.0"

globals@^15.11.0:
  version "15.15.0"

globrex@^0.1.2:
  version "0.1.2"

graceful-fs@^4.2.4:
  version "4.2.11"

gts@^7:
  version "7.0.0"
  dependencies:
    "@eslint/js" "^9.37.0"
    "@typescript-eslint/eslint-plugin" "^8.46.1"
    "@typescript-eslint/parser" "^8.46.1"
    chalk "^4.1.2"
    eslint "^9.37.0"
    eslint-config-prettier "^10.1.8"
    eslint-plugin-n "^17.23.1"
    eslint-plugin-prettier "^5.5.4"
    execa "^5.0.0"
    inquirer "^7.3.3"
    json5 "^2.1.3"
    meow "^9.0.0"
    ncp "^2.0.0"
    prettier "^3.6.2"
    typescript-eslint "^8.46.1"
    write-file-atomic "^6.0.0"

hard-rejection@^2.1.0:
  version "2.1.0"

has-flag@^3.0.0:
  version "3.0.0"

has-flag@^4.0.0:
  version "4.0.0"

has@^1.0.3:
  version "1.0.3"
  dependencies:
    function-bind "^1.1.1"

hosted-git-info@^2.1.4:
  version "2.8.9"

hosted-git-info@^4.0.1:
  version "4.0.2"
  dependencies:
    lru-cache "^6.0.0"

human-signals@^2.1.0:
  version "2.1.0"

iconv-lite@^0.4.24:
  version "0.4.24"
  dependencies:
    safer-buffer ">= 2.1.2 < 3"

ignore@^5.2.0, ignore@^5.3.2:
  version "5.3.2"

ignore@^7.0.5:
  version "7.0.5"

import-fresh@^3.2.1:
  version "3.3.0"
  dependencies:
    parent-module "^1.0.0"
    resolve-from "^4.0.0"

imurmurhash@^0.1.4:
  version "0.1.4"

indent-string@^4.0.0:
  version "4.0.0"

inquirer@^7.3.3:
  version "7.3.3"
  dependencies:
    ansi-escapes "^4.2.1"
    chalk "^4.1.0"
    cli-cursor "^3.1.0"
    cli-width "^3.0.0"
    external-editor "^3.0.3"
    figures "^3.0.0"
    lodash "^4.17.19"
    mute-stream "0.0.8"
    run-async "^2.4.0"
    rxjs "^6.6.0"
    string-width "^4.1.0"
    strip-ansi "^6.0.0"
    through "^2.3.6"

is-arrayish@^0.2.1:
  version "0.2.1"

is-core-module@^2.2.0:
  version "2.4.0"
  dependencies:
    has "^1.0.3"

is-extglob@^2.1.1:
  version "2.1.1"

is-fullwidth-code-point@^3.0.0:
  version "3.0.0"

is-glob@^4.0.0:
  version "4.0.1"
  dependencies:
    is-extglob "^2.1.1"

is-glob@^4.0.3:
  version "4.0.3"
  dependencies:
    is-extglob "^2.1.1"

is-plain-obj@^1.1.0:
  version "1.1.0"

is-stream@^2.0.0:
  version "2.0.0"

isexe@^2.0.0:
  version "2.0.0"

js-tokens@^4.0.0:
  version "4.0.0"

js-yaml@^4.1.1:
  version "4.3.0"
  dependencies:
    argparse "^2.0.1"

json-buffer@3.0.1:
  version "3.0.1"

json-parse-even-better-errors@^2.3.0:
  version "2.3.1"

json-schema-traverse@^0.4.1:
  version "0.4.1"

json-stable-stringify-without-jsonify@^1.0.1:
  version "1.0.1"

json5@^2.1.3:
  version "2.2.3"

keyv@^4.5.4:
  version "4.5.4"
  dependencies:
    json-buffer "3.0.1"

kind-of@^6.0.3:
  version "6.0.3"

levn@^0.4.1:
  version "0.4.1"
  dependencies:
    prelude-ls "^1.2.1"
    type-check "~0.4.0"

lightningcss-darwin-arm64@1.32.0:
  version "1.32.0"
  resolved "https://registry.npmjs.org/lightningcss-darwin-arm64/-/lightningcss-darwin-arm64-1.32.0.tgz"
  integrity sha512-RzeG9Ju5bag2Bv1/lwlVJvBE3q6TtXskdZLLCyfg5pt+HLz9BqlICO7LZM7VHNTTn/5PRhHFBSjk5lc4cmscPQ==

lightningcss@^1.32.0:
  version "1.32.0"
  resolved "https://registry.npmjs.org/lightningcss/-/lightningcss-1.32.0.tgz"
  integrity sha512-NXYBzinNrblfraPGyrbPoD19C1h9lfI/1mzgWYvXUTe414Gz/X1FD2XBZSZM7rRTrMA8JL3OtAaGifrIKhQ5yQ==
  dependencies:
    detect-libc "^2.0.3"
  optionalDependencies:
    lightningcss-android-arm64 "1.32.0"
    lightningcss-darwin-arm64 "1.32.0"
    lightningcss-darwin-x64 "1.32.0"
    lightningcss-freebsd-x64 "1.32.0"
    lightningcss-linux-arm-gnueabihf "1.32.0"
    lightningcss-linux-arm64-gnu "1.32.0"
    lightningcss-linux-arm64-musl "1.32.0"
    lightningcss-linux-x64-gnu "1.32.0"
    lightningcss-linux-x64-musl "1.32.0"
    lightningcss-win32-arm64-msvc "1.32.0"
    lightningcss-win32-x64-msvc "1.32.0"

lines-and-columns@^1.1.6:
  version "1.1.6"

locate-path@^5.0.0:
  version "5.0.0"
  dependencies:
    p-locate "^4.1.0"

locate-path@^6.0.0:
  version "6.0.0"
  dependencies:
    p-locate "^5.0.0"

lodash.merge@^4.6.2:
  version "4.6.2"

lodash@^4.17.19:
  version "4.18.1"

lru-cache@^6.0.0:
  version "6.0.0"
  dependencies:
    yallist "^4.0.0"

map-obj@^1.0.0:
  version "1.0.1"

map-obj@^4.0.0:
  version "4.2.1"

meow@^9.0.0:
  version "9.0.0"
  dependencies:
    "@types/minimist" "^1.2.0"
    camelcase-keys "^6.2.2"
    decamelize "^1.2.0"
    decamelize-keys "^1.1.0"
    hard-rejection "^2.1.0"
    minimist-options "4.1.0"
    normalize-package-data "^3.0.0"
    read-pkg-up "^7.0.1"
    redent "^3.0.0"
    trim-newlines "^3.0.0"
    type-fest "^0.18.0"
    yargs-parser "^20.2.3"

merge-stream@^2.0.0:
  version "2.0.0"

mimic-fn@^2.1.0:
  version "2.1.0"

min-indent@^1.0.0:
  version "1.0.1"

minimatch@^10.2.2:
  version "10.2.5"
  dependencies:
    brace-expansion "^5.0.5"

minimatch@^3.1.5:
  version "3.1.5"
  dependencies:
    brace-expansion "^1.1.7"

minimist-options@4.1.0:
  version "4.1.0"
  dependencies:
    arrify "^1.0.1"
    is-plain-obj "^1.1.0"
    kind-of "^6.0.3"

ms@^2.1.3:
  version "2.1.3"

ms@2.1.2:
  version "2.1.2"

mute-stream@0.0.8:
  version "0.0.8"

nanoid@^3.3.12:
  version "3.3.16"
  resolved "https://registry.npmjs.org/nanoid/-/nanoid-3.3.16.tgz"
  integrity sha512-bzlKTyNJ7+LdGIIwy8ijFpIqEQIvafahV7eYykJ8Cvh42EdJeODoJ6gUJXpQJvej1BddH8OqTXZNE/KfbWAu8Q==

natural-compare@^1.4.0:
  version "1.4.0"

ncp@^2.0.0:
  version "2.0.0"

normalize-package-data@^2.5.0:
  version "2.5.0"
  dependencies:
    hosted-git-info "^2.1.4"
    resolve "^1.10.0"
    semver "2 || 3 || 4 || 5"
    validate-npm-package-license "^3.0.1"

normalize-package-data@^3.0.0:
  version "3.0.2"
  dependencies:
    hosted-git-info "^4.0.1"
    resolve "^1.20.0"
    semver "^7.3.4"
    validate-npm-package-license "^3.0.1"

npm-run-path@^4.0.1:
  version "4.0.1"
  dependencies:
    path-key "^3.0.0"

onetime@^5.1.0, onetime@^5.1.2:
  version "5.1.2"
  dependencies:
    mimic-fn "^2.1.0"

optionator@^0.9.3:
  version "0.9.4"
  dependencies:
    deep-is "^0.1.3"
    fast-levenshtein "^2.0.6"
    levn "^0.4.1"
    prelude-ls "^1.2.1"
    type-check "^0.4.0"
    word-wrap "^1.2.5"

os-tmpdir@~1.0.2:
  version "1.0.2"
  resolved "https://registry.npmjs.org/os-tmpdir/-/os-tmpdir-1.0.2.tgz"
  integrity sha512-D2FR03Vir7FIu45XBY20mTb+/ZSWB00sjU9jdQXt83gDrI4Ztz5Fs7/yy74g2N5SVQY4xY1qDr4rNddwYRVX0g==

p-limit@^2.2.0:
  version "2.3.0"
  dependencies:
    p-try "^2.0.0"

p-limit@^3.0.2:
  version "3.1.0"
  dependencies:
    yocto-queue "^0.1.0"

p-locate@^4.1.0:
  version "4.1.0"
  dependencies:
    p-limit "^2.2.0"

p-locate@^5.0.0:
  version "5.0.0"
  dependencies:
    p-limit "^3.0.2"

p-try@^2.0.0:
  version "2.2.0"

parent-module@^1.0.0:
  version "1.0.1"
  dependencies:
    callsites "^3.0.0"

parse-json@^5.0.0:
  version "5.2.0"
  dependencies:
    "@babel/code-frame" "^7.0.0"
    error-ex "^1.3.1"
    json-parse-even-better-errors "^2.3.0"
    lines-and-columns "^1.1.6"

path-exists@^4.0.0:
  version "4.0.0"

path-key@^3.0.0, path-key@^3.1.0:
  version "3.1.1"

path-parse@^1.0.6:
  version "1.0.7"

picocolors@^1.1.1:
  version "1.1.1"
  resolved "https://registry.npmjs.org/picocolors/-/picocolors-1.1.1.tgz"
  integrity sha512-xceH2snhtb5M9liqDsmEw56le376mTZkEX/jEb/RxNFyegNul7eNslCXP9FDj/Lcu0X8KEyMceP2ntpaHrDEVA==

"picomatch@^3 || ^4", picomatch@^4.0.2, picomatch@^4.0.4, picomatch@^4.0.5:
  version "4.0.5"

postcss@^8.5.16:
  version "8.5.18"
  resolved "https://registry.npmjs.org/postcss/-/postcss-8.5.18.tgz"
  integrity sha512-xdB1oSLHbz1vRWgCDalrCqEFTWzFlhqFC5tIHLMOSUIjhm3XXQ1qrFy8S/ESr1JYRRXqM3c1QFiMZUJdUTqyMQ==
  dependencies:
    nanoid "^3.3.12"
    picocolors "^1.1.1"
    source-map-js "^1.2.1"

prelude-ls@^1.2.1:
  version "1.2.1"

prettier-linter-helpers@^1.0.1:
  version "1.0.1"
  dependencies:
    fast-diff "^1.1.2"

prettier@^3.6.2, prettier@>=3.0.0:
  version "3.9.4"

punycode@^2.1.0:
  version "2.3.1"

quick-lru@^4.0.1:
  version "4.0.1"

read-pkg-up@^7.0.1:
  version "7.0.1"
  dependencies:
    find-up "^4.1.0"
    read-pkg "^5.2.0"
    type-fest "^0.8.1"

read-pkg@^5.2.0:
  version "5.2.0"
  dependencies:
    "@types/normalize-package-data" "^2.4.0"
    normalize-package-data "^2.5.0"
    parse-json "^5.0.0"
    type-fest "^0.6.0"

redent@^3.0.0:
  version "3.0.0"
  dependencies:
    indent-string "^4.0.0"
    strip-indent "^3.0.0"

resolve-from@^4.0.0:
  version "4.0.0"

resolve-pkg-maps@^1.0.0:
  version "1.0.0"

resolve@^1.10.0, resolve@^1.20.0:
  version "1.20.0"
  dependencies:
    is-core-module "^2.2.0"
    path-parse "^1.0.6"

restore-cursor@^3.1.0:
  version "3.1.0"
  dependencies:
    onetime "^5.1.0"
    signal-exit "^3.0.2"

rolldown@~1.1.4:
  version "1.1.5"
  resolved "https://registry.npmjs.org/rolldown/-/rolldown-1.1.5.tgz"
  integrity sha512-t9z29cJjXf/vxQ8dyhCSpt6H6aSwHTk8cT5I3iy6SMXuFpk5mB6PL6XfC8PCwrPTx93udwKUm9HRteAlTGBLiA==
  dependencies:
    "@oxc-project/types" "=0.139.0"
    "@rolldown/pluginutils" "^1.0.0"
  optionalDependencies:
    "@rolldown/binding-android-arm64" "1.1.5"
    "@rolldown/binding-darwin-arm64" "1.1.5"
    "@rolldown/binding-darwin-x64" "1.1.5"
    "@rolldown/binding-freebsd-x64" "1.1.5"
    "@rolldown/binding-linux-arm-gnueabihf" "1.1.5"
    "@rolldown/binding-linux-arm64-gnu" "1.1.5"
    "@rolldown/binding-linux-arm64-musl" "1.1.5"
    "@rolldown/binding-linux-ppc64-gnu" "1.1.5"
    "@rolldown/binding-linux-s390x-gnu" "1.1.5"
    "@rolldown/binding-linux-x64-gnu" "1.1.5"
    "@rolldown/binding-linux-x64-musl" "1.1.5"
    "@rolldown/binding-openharmony-arm64" "1.1.5"
    "@rolldown/binding-wasm32-wasi" "1.1.5"
    "@rolldown/binding-win32-arm64-msvc" "1.1.5"
    "@rolldown/binding-win32-x64-msvc" "1.1.5"

run-async@^2.4.0:
  version "2.4.1"

rxjs@^6.6.0:
  version "6.6.7"
  dependencies:
    tslib "^1.9.0"

"safer-buffer@>= 2.1.2 < 3":
  version "2.1.2"

semver@^7.3.4, semver@^7.5.4, semver@^7.6.3, semver@^7.7.3:
  version "7.8.5"

"semver@2 || 3 || 4 || 5":
  version "5.7.2"
  resolved "https://registry.npmjs.org/semver/-/semver-5.7.2.tgz"
  integrity sha512-cBznnQ9KjJqU67B52RMC65CMarK2600WFnbkcaiwWq3xy/5haFJlshgnpjovMVJ+Hff49d8GEn0b87C5pDQ10g==

shebang-command@^2.0.0:
  version "2.0.0"
  dependencies:
    shebang-regex "^3.0.0"

shebang-regex@^3.0.0:
  version "3.0.0"

signal-exit@^3.0.2, signal-exit@^3.0.3:
  version "3.0.3"

signal-exit@^4.0.1:
  version "4.1.0"

source-map-js@^1.2.1:
  version "1.2.1"
  resolved "https://registry.npmjs.org/source-map-js/-/source-map-js-1.2.1.tgz"
  integrity sha512-UXWMKhLOwVKb728IUtQPXxfYU+usdybtUrK/8uGE8CQMvrhOpwvzDBwj0QhSL7MQc7vIsISBG8VQ8+IDQxpfQA==

spdx-correct@^3.0.0:
  version "3.1.1"
  dependencies:
    spdx-expression-parse "^3.0.0"
    spdx-license-ids "^3.0.0"

spdx-exceptions@^2.1.0:
  version "2.3.0"

spdx-expression-parse@^3.0.0:
  version "3.0.1"
  dependencies:
    spdx-exceptions "^2.1.0"
    spdx-license-ids "^3.0.0"

spdx-license-ids@^3.0.0:
  version "3.0.9"

string-width@^4.1.0:
  version "4.2.2"
  dependencies:
    emoji-regex "^8.0.0"
    is-fullwidth-code-point "^3.0.0"
    strip-ansi "^6.0.0"

strip-ansi@^6.0.0:
  version "6.0.0"
  dependencies:
    ansi-regex "^5.0.0"

strip-final-newline@^2.0.0:
  version "2.0.0"

strip-indent@^3.0.0:
  version "3.0.0"
  dependencies:
    min-indent "^1.0.0"

strip-json-comments@^3.1.1:
  version "3.1.1"

supports-color@^5.3.0:
  version "5.5.0"
  dependencies:
    has-flag "^3.0.0"

supports-color@^7.1.0:
  version "7.2.0"
  dependencies:
    has-flag "^4.0.0"

synckit@^0.11.13:
  version "0.11.13"
  dependencies:
    "@pkgr/core" "^0.3.6"

tapable@^2.3.3:
  version "2.3.3"

through@^2.3.6:
  version "2.3.8"

tinyglobby@^0.2.15, tinyglobby@^0.2.17:
  version "0.2.17"
  dependencies:
    fdir "^6.5.0"
    picomatch "^4.0.4"

tmp@^0.0.33:
  version "0.0.33"
  resolved "https://registry.npmjs.org/tmp/-/tmp-0.0.33.tgz"
  integrity sha512-jRCJlojKnZ3addtTOjdIqoRuPEKBvNXcGYqzO6zWZX8KfKEpnGY5jfggJQ3EjKuu8D4bJRr0y+cYJFmYbImXGw==
  dependencies:
    os-tmpdir "~1.0.2"

trim-newlines@^3.0.0:
  version "3.0.1"

ts-api-utils@^2.5.0:
  version "2.5.0"

ts-declaration-location@^1.0.6:
  version "1.0.7"
  dependencies:
    picomatch "^4.0.2"

tslib@^1.9.0:
  version "1.14.1"

tsx@^4.23.0, tsx@^4.8.1:
  version "4.23.0"
  dependencies:
    esbuild "~0.28.0"
  optionalDependencies:
    fsevents "~2.3.3"

type-check@^0.4.0, type-check@~0.4.0:
  version "0.4.0"
  dependencies:
    prelude-ls "^1.2.1"

type-fest@^0.18.0:
  version "0.18.1"

type-fest@^0.21.3:
  version "0.21.3"

type-fest@^0.6.0:
  version "0.6.0"

type-fest@^0.8.1:
  version "0.8.1"

typescript-eslint@^8.46.1:
  version "8.62.1"
  dependencies:
    "@typescript-eslint/eslint-plugin" "8.62.1"
    "@typescript-eslint/parser" "8.62.1"
    "@typescript-eslint/typescript-estree" "8.62.1"
    "@typescript-eslint/utils" "8.62.1"

typescript@^5, typescript@>=4.0.0, typescript@>=4.8.4, "typescript@>=4.8.4 <6.1.0", typescript@>=5:
  version "5.9.3"

undici-types@~6.21.0:
  version "6.21.0"

uri-js@^4.2.2:
  version "4.4.1"
  dependencies:
    punycode "^2.1.0"

validate-npm-package-license@^3.0.1:
  version "3.0.4"
  dependencies:
    spdx-correct "^3.0.0"
    spdx-expression-parse "^3.0.0"

vite@^8.1.4:
  version "8.1.4"
  resolved "https://registry.npmjs.org/vite/-/vite-8.1.4.tgz"
  integrity sha512-bTT9PsdWO+MQMNG9ZXIP/qM9wGh37DFxTV/sPq9cFpHr3w4jkgef032PkAL9jAqhk3Nz8NQw3O8n6/xFkqO4QQ==
  dependencies:
    lightningcss "^1.32.0"
    picomatch "^4.0.5"
    postcss "^8.5.16"
    rolldown "~1.1.4"
    tinyglobby "^0.2.17"
  optionalDependencies:
    fsevents "~2.3.3"

which@^2.0.1:
  version "2.0.2"
  dependencies:
    isexe "^2.0.0"

word-wrap@^1.2.5:
  version "1.2.5"

write-file-atomic@^6.0.0:
  version "6.0.0"
  dependencies:
    imurmurhash "^0.1.4"
    signal-exit "^4.0.1"

yallist@^4.0.0:
  version "4.0.0"

yargs-parser@^20.2.3:
  version "20.2.9"

yocto-queue@^0.1.0:
  version "0.1.0"
